name: Refresh root lockfile

on:
  push:
    branches:
      - creator-console/reverse-engineering-reset-v1
    paths:
      - package.json

permissions:
  contents: write

jobs:
  refresh:
    runs-on: ubuntu-latest
    steps:
      - uses: actions/checkout@v4
        with:
          ref: creator-console/reverse-engineering-reset-v1
      - uses: actions/setup-node@v4
        with:
          node-version: 22
      - name: Regenerate package lock from package.json
        run: npm install --package-lock-only --ignore-scripts
      - name: Commit generated lockfile
        shell: bash
        run: |
          if git diff --quiet -- package-lock.json; then
            echo "package-lock.json already matches package.json"
            exit 0
          fi
          git config user.name "github-actions[bot]"
          git config user.email "41898282+github-actions[bot]@users.noreply.github.com"
          git add package-lock.json
          git commit -m "chore: refresh root lockfile for Next.js security patch"
          git push origin HEAD:creator-console/reverse-engineering-reset-v1
